// !$*UTF8*$!
{
	archiveVersion = 1;
	classes = {
	};
	objectVersion = 46;
	objects = {

/* Begin PBXBuildFile section */
		1F5051891C2E6F069B0F1632 /* Pods_Shhwift.framework in Frameworks */ = {isa = PBXBuildFile; fileRef = 239DCC781986C450081F3FD2 /* Pods_Shhwift.framework */; };
		4DEC99481D182F96006F18A5 /* JsonRpcSpec.swift in Sources */ = {isa = PBXBuildFile; fileRef = 4DEC99471D182F96006F18A5 /* JsonRpcSpec.swift */; };
		4DEC994A1D1C00AA006F18A5 /* IdentitySpec.swift in Sources */ = {isa = PBXBuildFile; fileRef = 4DEC99491D1C00AA006F18A5 /* IdentitySpec.swift */; };
		4DEC994C1D1C594C006F18A5 /* Identity.swift in Sources */ = {isa = PBXBuildFile; fileRef = 4DEC994B1D1C594C006F18A5 /* Identity.swift */; };
		4DEC994E1D1C59D0006F18A5 /* IdentityExample.swift in Sources */ = {isa = PBXBuildFile; fileRef = 4DEC994D1D1C59D0006F18A5 /* IdentityExample.swift */; };
		5C017AE51CFF1DB70081F28F /* JSON+FailableInit.swift in Sources */ = {isa = PBXBuildFile; fileRef = 5CDE2A631CFF0BFD00D01C16 /* JSON+FailableInit.swift */; };
		5C0E9B6E1D083C8000CA98DC /* Errors.swift in Sources */ = {isa = PBXBuildFile; fileRef = 5C0E9B6D1D083C8000CA98DC /* Errors.swift */; };
		5C1C9D091D0B0B43009B4540 /* JsonRpc.swift in Sources */ = {isa = PBXBuildFile; fileRef = 5C1C9D081D0B0B43009B4540 /* JsonRpc.swift */; };
		5C2F9D5B1CE4CFB200C3F263 /* Shhwift.h in Headers */ = {isa = PBXBuildFile; fileRef = 5C2F9D5A1CE4CFB200C3F263 /* Shhwift.h */; settings = {ATTRIBUTES = (Public, ); }; };
		5C2F9D621CE4CFB200C3F263 /* Shhwift.framework in Frameworks */ = {isa = PBXBuildFile; fileRef = 5C2F9D571CE4CFB200C3F263 /* Shhwift.framework */; };
		5C57F44D1CFF07AB001F3C60 /* NSInputStream+ReadFully.swift in Sources */ = {isa = PBXBuildFile; fileRef = 5C57F44C1CFF07AB001F3C60 /* NSInputStream+ReadFully.swift */; };
		5C7752FD1D00857C00C017F8 /* AppDelegate.swift in Sources */ = {isa = PBXBuildFile; fileRef = 5C7752FC1D00857C00C017F8 /* AppDelegate.swift */; };
		5C7752FF1D00857C00C017F8 /* ViewController.swift in Sources */ = {isa = PBXBuildFile; fileRef = 5C7752FE1D00857C00C017F8 /* ViewController.swift */; };
		5C7753021D00857C00C017F8 /* Main.storyboard in Resources */ = {isa = PBXBuildFile; fileRef = 5C7753001D00857C00C017F8 /* Main.storyboard */; };
		5C7753041D00857C00C017F8 /* Assets.xcassets in Resources */ = {isa = PBXBuildFile; fileRef = 5C7753031D00857C00C017F8 /* Assets.xcassets */; };
		5C7753071D00857C00C017F8 /* LaunchScreen.storyboard in Resources */ = {isa = PBXBuildFile; fileRef = 5C7753051D00857C00C017F8 /* LaunchScreen.storyboard */; };
		5C77530E1D00858900C017F8 /* Shhwift.framework in Frameworks */ = {isa = PBXBuildFile; fileRef = 5C2F9D571CE4CFB200C3F263 /* Shhwift.framework */; };
		5C7B5EE11CF0E58600F622EE /* HttpMocking.swift in Sources */ = {isa = PBXBuildFile; fileRef = 5C7B5EE01CF0E58600F622EE /* HttpMocking.swift */; };
		5C9076C81CE4D32C0012AD50 /* ShhSpec.swift in Sources */ = {isa = PBXBuildFile; fileRef = 5C9076C71CE4D32C0012AD50 /* ShhSpec.swift */; };
		5C9076CA1CE4D37B0012AD50 /* Shh.swift in Sources */ = {isa = PBXBuildFile; fileRef = 5C9076C91CE4D37B0012AD50 /* Shh.swift */; };
		5CDE2A641CFF0BFD00D01C16 /* JSON+FailableInit.swift in Sources */ = {isa = PBXBuildFile; fileRef = 5CDE2A631CFF0BFD00D01C16 /* JSON+FailableInit.swift */; };
		5CDF7BE51D2D401D00C2B789 /* DataContainer.swift in Sources */ = {isa = PBXBuildFile; fileRef = 5CDF7BE41D2D401D00C2B789 /* DataContainer.swift */; };
		5CDF7BE71D2D417E00C2B789 /* DataContainerSpec.swift in Sources */ = {isa = PBXBuildFile; fileRef = 5CDF7BE61D2D417E00C2B789 /* DataContainerSpec.swift */; };
		5CDF7BE91D2D43DF00C2B789 /* TopicSpec.swift in Sources */ = {isa = PBXBuildFile; fileRef = 5CDF7BE81D2D43DF00C2B789 /* TopicSpec.swift */; };
		5CDF7BEB1D2D447700C2B789 /* Topic.swift in Sources */ = {isa = PBXBuildFile; fileRef = 5CDF7BEA1D2D447700C2B789 /* Topic.swift */; };
		5CDF7BED1D2D471200C2B789 /* TopicExample.swift in Sources */ = {isa = PBXBuildFile; fileRef = 5CDF7BEC1D2D471200C2B789 /* TopicExample.swift */; };
		5CDF7BF11D2D4E1400C2B789 /* PayloadSpec.swift in Sources */ = {isa = PBXBuildFile; fileRef = 5CDF7BF01D2D4E1400C2B789 /* PayloadSpec.swift */; };
		5CDF7BF31D2D4EA700C2B789 /* Payload.swift in Sources */ = {isa = PBXBuildFile; fileRef = 5CDF7BF21D2D4EA700C2B789 /* Payload.swift */; };
		5CDF7BF51D2D4F5500C2B789 /* PayloadExample.swift in Sources */ = {isa = PBXBuildFile; fileRef = 5CDF7BF41D2D4F5500C2B789 /* PayloadExample.swift */; };
		5CDF7BF71D2D5B5800C2B789 /* UInt+HexString.swift in Sources */ = {isa = PBXBuildFile; fileRef = 5CDF7BF61D2D5B5800C2B789 /* UInt+HexString.swift */; };
		5CDF7BF81D2D5C1E00C2B789 /* UInt+HexString.swift in Sources */ = {isa = PBXBuildFile; fileRef = 5CDF7BF61D2D5B5800C2B789 /* UInt+HexString.swift */; };
		5CDF7BFA1D2D5CC600C2B789 /* UInt+HexStringSpec.swift in Sources */ = {isa = PBXBuildFile; fileRef = 5CDF7BF91D2D5CC600C2B789 /* UInt+HexStringSpec.swift */; };
		9BC629DE0D96D25E5C4FAC98 /* Pods_Shhwift_ShhwiftDemo.framework in Frameworks */ = {isa = PBXBuildFile; fileRef = 23F4FB497CD276B100B873DA /* Pods_Shhwift_ShhwiftDemo.framework */; };
		C7D7C130504428F244E5387C /* Pods_Shhwift_ShhwiftTests.framework in Frameworks */ = {isa = PBXBuildFile; fileRef = E9DD085AA2F60F02D66A3134 /* Pods_Shhwift_ShhwiftTests.framework */; };
/* End PBXBuildFile section */

/* Begin PBXContainerItemProxy section */
		5C2F9D631CE4CFB200C3F263 /* PBXContainerItemProxy */ = {
			isa = PBXContainerItemProxy;
			containerPortal = 5C2F9D4E1CE4CFB200C3F263 /* Project object */;
			proxyType = 1;
			remoteGlobalIDString = 5C2F9D561CE4CFB200C3F263;
			remoteInfo = Shhwift;
		};
		5C77530C1D00858400C017F8 /* PBXContainerItemProxy */ = {
			isa = PBXContainerItemProxy;
			containerPortal = 5C2F9D4E1CE4CFB200C3F263 /* Project object */;
			proxyType = 1;
			remoteGlobalIDString = 5C2F9D561CE4CFB200C3F263;
			remoteInfo = Shhwift;
		};
/* End PBXContainerItemProxy section */

/* Begin PBXFileReference section */
		239DCC781986C450081F3FD2 /* Pods_Shhwift.framework */ = {isa = PBXFileReference; explicitFileType = wrapper.framework; includeInIndex = 0; path = Pods_Shhwift.framework; sourceTree = BUILT_PRODUCTS_DIR; };
		23F4FB497CD276B100B873DA /* Pods_Shhwift_ShhwiftDemo.framework */ = {isa = PBXFileReference; explicitFileType = wrapper.framework; includeInIndex = 0; path = Pods_Shhwift_ShhwiftDemo.framework; sourceTree = BUILT_PRODUCTS_DIR; };
		2B62318F2F1AF080B250E745 /* Pods-Shhwift.debug.xcconfig */ = {isa = PBXFileReference; includeInIndex = 1; lastKnownFileType = text.xcconfig; name = "Pods-Shhwift.debug.xcconfig"; path = "Pods/Target Support Files/Pods-Shhwift/Pods-Shhwift.debug.xcconfig"; sourceTree = "<group>"; };
		4DEC99471D182F96006F18A5 /* JsonRpcSpec.swift */ = {isa = PBXFileReference; fileEncoding = 4; lastKnownFileType = sourcecode.swift; path = JsonRpcSpec.swift; sourceTree = "<group>"; };
		4DEC99491D1C00AA006F18A5 /* IdentitySpec.swift */ = {isa = PBXFileReference; fileEncoding = 4; lastKnownFileType = sourcecode.swift; path = IdentitySpec.swift; sourceTree = "<group>"; };
		4DEC994B1D1C594C006F18A5 /* Identity.swift */ = {isa = PBXFileReference; fileEncoding = 4; lastKnownFileType = sourcecode.swift; path = Identity.swift; sourceTree = "<group>"; };
		4DEC994D1D1C59D0006F18A5 /* IdentityExample.swift */ = {isa = PBXFileReference; fileEncoding = 4; lastKnownFileType = sourcecode.swift; path = IdentityExample.swift; sourceTree = "<group>"; };
		5C0E9B6D1D083C8000CA98DC /* Errors.swift */ = {isa = PBXFileReference; fileEncoding = 4; lastKnownFileType = sourcecode.swift; path = Errors.swift; sourceTree = "<group>"; };
		5C1C9D081D0B0B43009B4540 /* JsonRpc.swift */ = {isa = PBXFileReference; fileEncoding = 4; lastKnownFileType = sourcecode.swift; path = JsonRpc.swift; sourceTree = "<group>"; };
		5C2F9D571CE4CFB200C3F263 /* Shhwift.framework */ = {isa = PBXFileReference; explicitFileType = wrapper.framework; includeInIndex = 0; path = Shhwift.framework; sourceTree = BUILT_PRODUCTS_DIR; };
		5C2F9D5A1CE4CFB200C3F263 /* Shhwift.h */ = {isa = PBXFileReference; lastKnownFileType = sourcecode.c.h; path = Shhwift.h; sourceTree = "<group>"; };
		5C2F9D5C1CE4CFB200C3F263 /* Info.plist */ = {isa = PBXFileReference; lastKnownFileType = text.plist.xml; path = Info.plist; sourceTree = "<group>"; };
		5C2F9D611CE4CFB200C3F263 /* ShhwiftTests.xctest */ = {isa = PBXFileReference; explicitFileType = wrapper.cfbundle; includeInIndex = 0; path = ShhwiftTests.xctest; sourceTree = BUILT_PRODUCTS_DIR; };
		5C2F9D681CE4CFB200C3F263 /* Info.plist */ = {isa = PBXFileReference; lastKnownFileType = text.plist.xml; path = Info.plist; sourceTree = "<group>"; };
		5C57F44C1CFF07AB001F3C60 /* NSInputStream+ReadFully.swift */ = {isa = PBXFileReference; fileEncoding = 4; lastKnownFileType = sourcecode.swift; path = "NSInputStream+ReadFully.swift"; sourceTree = "<group>"; };
		5C7752FA1D00857B00C017F8 /* ShhwiftDemo.app */ = {isa = PBXFileReference; explicitFileType = wrapper.application; includeInIndex = 0; path = ShhwiftDemo.app; sourceTree = BUILT_PRODUCTS_DIR; };
		5C7752FC1D00857C00C017F8 /* AppDelegate.swift */ = {isa = PBXFileReference; lastKnownFileType = sourcecode.swift; path = AppDelegate.swift; sourceTree = "<group>"; };
		5C7752FE1D00857C00C017F8 /* ViewController.swift */ = {isa = PBXFileReference; lastKnownFileType = sourcecode.swift; path = ViewController.swift; sourceTree = "<group>"; };
		5C7753011D00857C00C017F8 /* Base */ = {isa = PBXFileReference; lastKnownFileType = file.storyboard; name = Base; path = Base.lproj/Main.storyboard; sourceTree = "<group>"; };
		5C7753031D00857C00C017F8 /* Assets.xcassets */ = {isa = PBXFileReference; lastKnownFileType = folder.assetcatalog; path = Assets.xcassets; sourceTree = "<group>"; };
		5C7753061D00857C00C017F8 /* Base */ = {isa = PBXFileReference; lastKnownFileType = file.storyboard; name = Base; path = Base.lproj/LaunchScreen.storyboard; sourceTree = "<group>"; };
		5C7753081D00857C00C017F8 /* Info.plist */ = {isa = PBXFileReference; lastKnownFileType = text.plist.xml; path = Info.plist; sourceTree = "<group>"; };
		5C7B5EE01CF0E58600F622EE /* HttpMocking.swift */ = {isa = PBXFileReference; fileEncoding = 4; lastKnownFileType = sourcecode.swift; path = HttpMocking.swift; sourceTree = "<group>"; };
		5C9076C61CE4D32B0012AD50 /* ShhwiftTests-Bridging-Header.h */ = {isa = PBXFileReference; lastKnownFileType = sourcecode.c.h; path = "ShhwiftTests-Bridging-Header.h"; sourceTree = "<group>"; };
		5C9076C71CE4D32C0012AD50 /* ShhSpec.swift */ = {isa = PBXFileReference; fileEncoding = 4; lastKnownFileType = sourcecode.swift; path = ShhSpec.swift; sourceTree = "<group>"; };
		5C9076C91CE4D37B0012AD50 /* Shh.swift */ = {isa = PBXFileReference; fileEncoding = 4; lastKnownFileType = sourcecode.swift; path = Shh.swift; sourceTree = "<group>"; };
		5CDE2A631CFF0BFD00D01C16 /* JSON+FailableInit.swift */ = {isa = PBXFileReference; fileEncoding = 4; lastKnownFileType = sourcecode.swift; path = "JSON+FailableInit.swift"; sourceTree = "<group>"; };
		5CDF7BE41D2D401D00C2B789 /* DataContainer.swift */ = {isa = PBXFileReference; fileEncoding = 4; lastKnownFileType = sourcecode.swift; path = DataContainer.swift; sourceTree = "<group>"; };
		5CDF7BE61D2D417E00C2B789 /* DataContainerSpec.swift */ = {isa = PBXFileReference; fileEncoding = 4; lastKnownFileType = sourcecode.swift; path = DataContainerSpec.swift; sourceTree = "<group>"; };
		5CDF7BE81D2D43DF00C2B789 /* TopicSpec.swift */ = {isa = PBXFileReference; fileEncoding = 4; lastKnownFileType = sourcecode.swift; path = TopicSpec.swift; sourceTree = "<group>"; };
		5CDF7BEA1D2D447700C2B789 /* Topic.swift */ = {isa = PBXFileReference; fileEncoding = 4; lastKnownFileType = sourcecode.swift; path = Topic.swift; sourceTree = "<group>"; };
		5CDF7BEC1D2D471200C2B789 /* TopicExample.swift */ = {isa = PBXFileReference; fileEncoding = 4; lastKnownFileType = sourcecode.swift; path = TopicExample.swift; sourceTree = "<group>"; };
		5CDF7BF01D2D4E1400C2B789 /* PayloadSpec.swift */ = {isa = PBXFileReference; fileEncoding = 4; lastKnownFileType = sourcecode.swift; path = PayloadSpec.swift; sourceTree = "<group>"; };
		5CDF7BF21D2D4EA700C2B789 /* Payload.swift */ = {isa = PBXFileReference; fileEncoding = 4; lastKnownFileType = sourcecode.swift; path = Payload.swift; sourceTree = "<group>"; };
		5CDF7BF41D2D4F5500C2B789 /* PayloadExample.swift */ = {isa = PBXFileReference; fileEncoding = 4; lastKnownFileType = sourcecode.swift; path = PayloadExample.swift; sourceTree = "<group>"; };
		5CDF7BF61D2D5B5800C2B789 /* UInt+HexString.swift */ = {isa = PBXFileReference; fileEncoding = 4; lastKnownFileType = sourcecode.swift; path = "UInt+HexString.swift"; sourceTree = "<group>"; };
		5CDF7BF91D2D5CC600C2B789 /* UInt+HexStringSpec.swift */ = {isa = PBXFileReference; fileEncoding = 4; lastKnownFileType = sourcecode.swift; path = "UInt+HexStringSpec.swift"; sourceTree = "<group>"; };
		62111D77A49D119F182C9249 /* Pods-Shhwift-ShhwiftDemo.release.xcconfig */ = {isa = PBXFileReference; includeInIndex = 1; lastKnownFileType = text.xcconfig; name = "Pods-Shhwift-ShhwiftDemo.release.xcconfig"; path = "Pods/Target Support Files/Pods-Shhwift-ShhwiftDemo/Pods-Shhwift-ShhwiftDemo.release.xcconfig"; sourceTree = "<group>"; };
		BB38F8CB8DDF4846332821FC /* Pods-Shhwift-ShhwiftTests.release.xcconfig */ = {isa = PBXFileReference; includeInIndex = 1; lastKnownFileType = text.xcconfig; name = "Pods-Shhwift-ShhwiftTests.release.xcconfig"; path = "Pods/Target Support Files/Pods-Shhwift-ShhwiftTests/Pods-Shhwift-ShhwiftTests.release.xcconfig"; sourceTree = "<group>"; };
		C4D616F10B642DBBFE9BE573 /* Pods-Shhwift.release.xcconfig */ = {isa = PBXFileReference; includeInIndex = 1; lastKnownFileType = text.xcconfig; name = "Pods-Shhwift.release.xcconfig"; path = "Pods/Target Support Files/Pods-Shhwift/Pods-Shhwift.release.xcconfig"; sourceTree = "<group>"; };
		D46627AD1177AF355B1354D1 /* Pods-Shhwift-ShhwiftTests.debug.xcconfig */ = {isa = PBXFileReference; includeInIndex = 1; lastKnownFileType = text.xcconfig; name = "Pods-Shhwift-ShhwiftTests.debug.xcconfig"; path = "Pods/Target Support Files/Pods-Shhwift-ShhwiftTests/Pods-Shhwift-ShhwiftTests.debug.xcconfig"; sourceTree = "<group>"; };
		DAD3B0EA374E1564C5151CFA /* Pods-Shhwift-ShhwiftDemo.debug.xcconfig */ = {isa = PBXFileReference; includeInIndex = 1; lastKnownFileType = text.xcconfig; name = "Pods-Shhwift-ShhwiftDemo.debug.xcconfig"; path = "Pods/Target Support Files/Pods-Shhwift-ShhwiftDemo/Pods-Shhwift-ShhwiftDemo.debug.xcconfig"; sourceTree = "<group>"; };
		E9DD085AA2F60F02D66A3134 /* Pods_Shhwift_ShhwiftTests.framework */ = {isa = PBXFileReference; explicitFileType = wrapper.framework; includeInIndex = 0; path = Pods_Shhwift_ShhwiftTests.framework; sourceTree = BUILT_PRODUCTS_DIR; };
/* End PBXFileReference section */

/* Begin PBXFrameworksBuildPhase section */
		5C2F9D531CE4CFB200C3F263 /* Frameworks */ = {
			isa = PBXFrameworksBuildPhase;
			buildActionMask = 2147483647;
			files = (
				1F5051891C2E6F069B0F1632 /* Pods_Shhwift.framework in Frameworks */,
			);
			runOnlyForDeploymentPostprocessing = 0;
		};
		5C2F9D5E1CE4CFB200C3F263 /* Frameworks */ = {
			isa = PBXFrameworksBuildPhase;
			buildActionMask = 2147483647;
			files = (
				5C2F9D621CE4CFB200C3F263 /* Shhwift.framework in Frameworks */,
				C7D7C130504428F244E5387C /* Pods_Shhwift_ShhwiftTests.framework in Frameworks */,
			);
			runOnlyForDeploymentPostprocessing = 0;
		};
		5C7752F71D00857B00C017F8 /* Frameworks */ = {
			isa = PBXFrameworksBuildPhase;
			buildActionMask = 2147483647;
			files = (
				5C77530E1D00858900C017F8 /* Shhwift.framework in Frameworks */,
				9BC629DE0D96D25E5C4FAC98 /* Pods_Shhwift_ShhwiftDemo.framework in Frameworks */,
			);
			runOnlyForDeploymentPostprocessing = 0;
		};
/* End PBXFrameworksBuildPhase section */

/* Begin PBXGroup section */
		48F282183FB5FE2E460D0521 /* Pods */ = {
			isa = PBXGroup;
			children = (
				2B62318F2F1AF080B250E745 /* Pods-Shhwift.debug.xcconfig */,
				C4D616F10B642DBBFE9BE573 /* Pods-Shhwift.release.xcconfig */,
				D46627AD1177AF355B1354D1 /* Pods-Shhwift-ShhwiftTests.debug.xcconfig */,
				BB38F8CB8DDF4846332821FC /* Pods-Shhwift-ShhwiftTests.release.xcconfig */,
				DAD3B0EA374E1564C5151CFA /* Pods-Shhwift-ShhwiftDemo.debug.xcconfig */,
				62111D77A49D119F182C9249 /* Pods-Shhwift-ShhwiftDemo.release.xcconfig */,
			);
			name = Pods;
			sourceTree = "<group>";
		};
		5C017AE41CFF1DA10081F28F /* SwiftyJSONExtensions */ = {
			isa = PBXGroup;
			children = (
				5CDE2A631CFF0BFD00D01C16 /* JSON+FailableInit.swift */,
			);
			path = SwiftyJSONExtensions;
			sourceTree = "<group>";
		};
		5C2F9D4D1CE4CFB200C3F263 = {
			isa = PBXGroup;
			children = (
				C5DC43BB2BFBF47FBE049171 /* Frameworks */,
				48F282183FB5FE2E460D0521 /* Pods */,
				5C2F9D581CE4CFB200C3F263 /* Products */,
				5C2F9D591CE4CFB200C3F263 /* Shhwift */,
				5C2F9D651CE4CFB200C3F263 /* ShhwiftTests */,
				5C7752FB1D00857C00C017F8 /* ShhwiftDemo */,
				5C017AE41CFF1DA10081F28F /* SwiftyJSONExtensions */,
			);
			sourceTree = "<group>";
		};
		5C2F9D581CE4CFB200C3F263 /* Products */ = {
			isa = PBXGroup;
			children = (
				5C2F9D571CE4CFB200C3F263 /* Shhwift.framework */,
				5C2F9D611CE4CFB200C3F263 /* ShhwiftTests.xctest */,
				5C7752FA1D00857B00C017F8 /* ShhwiftDemo.app */,
			);
			name = Products;
			sourceTree = "<group>";
		};
		5C2F9D591CE4CFB200C3F263 /* Shhwift */ = {
			isa = PBXGroup;
			children = (
				5C2F9D5C1CE4CFB200C3F263 /* Info.plist */,
				5C9076C91CE4D37B0012AD50 /* Shh.swift */,
				5C2F9D5A1CE4CFB200C3F263 /* Shhwift.h */,
				5C0E9B6D1D083C8000CA98DC /* Errors.swift */,
				5C1C9D081D0B0B43009B4540 /* JsonRpc.swift */,
				4DEC994B1D1C594C006F18A5 /* Identity.swift */,
				5CDF7BE41D2D401D00C2B789 /* DataContainer.swift */,
				5CDF7BEA1D2D447700C2B789 /* Topic.swift */,
				5CDF7BF21D2D4EA700C2B789 /* Payload.swift */,
				5CDF7BF61D2D5B5800C2B789 /* UInt+HexString.swift */,
			);
			path = Shhwift;
			sourceTree = "<group>";
		};
		5C2F9D651CE4CFB200C3F263 /* ShhwiftTests */ = {
			isa = PBXGroup;
			children = (
				5C7B5EE01CF0E58600F622EE /* HttpMocking.swift */,
				5C2F9D681CE4CFB200C3F263 /* Info.plist */,
				5C57F44C1CFF07AB001F3C60 /* NSInputStream+ReadFully.swift */,
				5C9076C71CE4D32C0012AD50 /* ShhSpec.swift */,
				5C9076C61CE4D32B0012AD50 /* ShhwiftTests-Bridging-Header.h */,
				4DEC99471D182F96006F18A5 /* JsonRpcSpec.swift */,
				4DEC99491D1C00AA006F18A5 /* IdentitySpec.swift */,
				4DEC994D1D1C59D0006F18A5 /* IdentityExample.swift */,
				5CDF7BE61D2D417E00C2B789 /* DataContainerSpec.swift */,
				5CDF7BE81D2D43DF00C2B789 /* TopicSpec.swift */,
				5CDF7BEC1D2D471200C2B789 /* TopicExample.swift */,
				5CDF7BF01D2D4E1400C2B789 /* PayloadSpec.swift */,
				5CDF7BF41D2D4F5500C2B789 /* PayloadExample.swift */,
				5CDF7BF91D2D5CC600C2B789 /* UInt+HexStringSpec.swift */,
			);
			path = ShhwiftTests;
			sourceTree = "<group>";
		};
		5C7752FB1D00857C00C017F8 /* ShhwiftDemo */ = {
			isa = PBXGroup;
			children = (
				5C7752FC1D00857C00C017F8 /* AppDelegate.swift */,
				5C7752FE1D00857C00C017F8 /* ViewController.swift */,
				5C7753001D00857C00C017F8 /* Main.storyboard */,
				5C7753031D00857C00C017F8 /* Assets.xcassets */,
				5C7753051D00857C00C017F8 /* LaunchScreen.storyboard */,
				5C7753081D00857C00C017F8 /* Info.plist */,
			);
			path = ShhwiftDemo;
			sourceTree = "<group>";
		};
		C5DC43BB2BFBF47FBE049171 /* Frameworks */ = {
			isa = PBXGroup;
			children = (
				239DCC781986C450081F3FD2 /* Pods_Shhwift.framework */,
				E9DD085AA2F60F02D66A3134 /* Pods_Shhwift_ShhwiftTests.framework */,
				23F4FB497CD276B100B873DA /* Pods_Shhwift_ShhwiftDemo.framework */,
			);
			name = Frameworks;
			sourceTree = "<group>";
		};
/* End PBXGroup section */

/* Begin PBXHeadersBuildPhase section */
		5C2F9D541CE4CFB200C3F263 /* Headers */ = {
			isa = PBXHeadersBuildPhase;
			buildActionMask = 2147483647;
			files = (
				5C2F9D5B1CE4CFB200C3F263 /* Shhwift.h in Headers */,
			);
			runOnlyForDeploymentPostprocessing = 0;
		};
/* End PBXHeadersBuildPhase section */

/* Begin PBXNativeTarget section */
		5C2F9D561CE4CFB200C3F263 /* Shhwift */ = {
			isa = PBXNativeTarget;
			buildConfigurationList = 5C2F9D6B1CE4CFB200C3F263 /* Build configuration list for PBXNativeTarget "Shhwift" */;
			buildPhases = (
				15FB8403F903FACC3BAD79E8 /* [CP] Check Pods Manifest.lock */,
				5C2F9D521CE4CFB200C3F263 /* Sources */,
				5C2F9D531CE4CFB200C3F263 /* Frameworks */,
				5C2F9D541CE4CFB200C3F263 /* Headers */,
				5C2F9D551CE4CFB200C3F263 /* Resources */,
				3D8941F9AA3005B47282659E /* [CP] Copy Pods Resources */,
				5CDE2A651CFF0FDF00D01C16 /* Swift Lint */,
			);
			buildRules = (
			);
			dependencies = (
			);
			name = Shhwift;
			productName = Shhwift;
			productReference = 5C2F9D571CE4CFB200C3F263 /* Shhwift.framework */;
			productType = "com.apple.product-type.framework";
		};
		5C2F9D601CE4CFB200C3F263 /* ShhwiftTests */ = {
			isa = PBXNativeTarget;
			buildConfigurationList = 5C2F9D6E1CE4CFB200C3F263 /* Build configuration list for PBXNativeTarget "ShhwiftTests" */;
			buildPhases = (
				E529238763CEE906AE5116B9 /* [CP] Check Pods Manifest.lock */,
				5C2F9D5D1CE4CFB200C3F263 /* Sources */,
				5C2F9D5E1CE4CFB200C3F263 /* Frameworks */,
				5C2F9D5F1CE4CFB200C3F263 /* Resources */,
				7219ED4AFCA5B04CF197B716 /* [CP] Embed Pods Frameworks */,
				2A2C5E57C3D94449E9DF619D /* [CP] Copy Pods Resources */,
			);
			buildRules = (
			);
			dependencies = (
				5C2F9D641CE4CFB200C3F263 /* PBXTargetDependency */,
			);
			name = ShhwiftTests;
			productName = ShhwiftTests;
			productReference = 5C2F9D611CE4CFB200C3F263 /* ShhwiftTests.xctest */;
			productType = "com.apple.product-type.bundle.unit-test";
		};
		5C7752F91D00857B00C017F8 /* ShhwiftDemo */ = {
			isa = PBXNativeTarget;
			buildConfigurationList = 5C77530B1D00857C00C017F8 /* Build configuration list for PBXNativeTarget "ShhwiftDemo" */;
			buildPhases = (
				CE4AE6186E9F9DBF1139D912 /* [CP] Check Pods Manifest.lock */,
				5C7752F61D00857B00C017F8 /* Sources */,
				5C7752F71D00857B00C017F8 /* Frameworks */,
				5C7752F81D00857B00C017F8 /* Resources */,
				E8898CA8EB7A36DFE60FE500 /* [CP] Embed Pods Frameworks */,
				2EE3A97CFCACC9E94E1C1548 /* [CP] Copy Pods Resources */,
			);
			buildRules = (
			);
			dependencies = (
				5C77530D1D00858400C017F8 /* PBXTargetDependency */,
			);
			name = ShhwiftDemo;
			productName = ShhwiftDemo;
			productReference = 5C7752FA1D00857B00C017F8 /* ShhwiftDemo.app */;
			productType = "com.apple.product-type.application";
		};
/* End PBXNativeTarget section */

/* Begin PBXProject section */
		5C2F9D4E1CE4CFB200C3F263 /* Project object */ = {
			isa = PBXProject;
			attributes = {
				LastSwiftUpdateCheck = 0730;
				LastUpgradeCheck = 0730;
				ORGANIZATIONNAME = Shhwift;
				TargetAttributes = {
					5C2F9D561CE4CFB200C3F263 = {
						CreatedOnToolsVersion = 7.3.1;
					};
					5C2F9D601CE4CFB200C3F263 = {
						CreatedOnToolsVersion = 7.3.1;
					};
					5C7752F91D00857B00C017F8 = {
						CreatedOnToolsVersion = 7.3.1;
					};
				};
			};
			buildConfigurationList = 5C2F9D511CE4CFB200C3F263 /* Build configuration list for PBXProject "Shhwift" */;
			compatibilityVersion = "Xcode 3.2";
			developmentRegion = English;
			hasScannedForEncodings = 0;
			knownRegions = (
				en,
				Base,
			);
			mainGroup = 5C2F9D4D1CE4CFB200C3F263;
			productRefGroup = 5C2F9D581CE4CFB200C3F263 /* Products */;
			projectDirPath = "";
			projectRoot = "";
			targets = (
				5C2F9D561CE4CFB200C3F263 /* Shhwift */,
				5C2F9D601CE4CFB200C3F263 /* ShhwiftTests */,
				5C7752F91D00857B00C017F8 /* ShhwiftDemo */,
			);
		};
/* End PBXProject section */

/* Begin PBXResourcesBuildPhase section */
		5C2F9D551CE4CFB200C3F263 /* Resources */ = {
			isa = PBXResourcesBuildPhase;
			buildActionMask = 2147483647;
			files = (
			);
			runOnlyForDeploymentPostprocessing = 0;
		};
		5C2F9D5F1CE4CFB200C3F263 /* Resources */ = {
			isa = PBXResourcesBuildPhase;
			buildActionMask = 2147483647;
			files = (
			);
			runOnlyForDeploymentPostprocessing = 0;
		};
		5C7752F81D00857B00C017F8 /* Resources */ = {
			isa = PBXResourcesBuildPhase;
			buildActionMask = 2147483647;
			files = (
				5C7753071D00857C00C017F8 /* LaunchScreen.storyboard in Resources */,
				5C7753041D00857C00C017F8 /* Assets.xcassets in Resources */,
				5C7753021D00857C00C017F8 /* Main.storyboard in Resources */,
			);
			runOnlyForDeploymentPostprocessing = 0;
		};
/* End PBXResourcesBuildPhase section */

/* Begin PBXShellScriptBuildPhase section */
		15FB8403F903FACC3BAD79E8 /* [CP] Check Pods Manifest.lock */ = {
			isa = PBXShellScriptBuildPhase;
			buildActionMask = 2147483647;
			files = (
			);
			inputPaths = (
			);
			name = "[CP] Check Pods Manifest.lock";
			outputPaths = (
			);
			runOnlyForDeploymentPostprocessing = 0;
			shellPath = /bin/sh;
			shellScript = "diff \"${PODS_ROOT}/../Podfile.lock\" \"${PODS_ROOT}/Manifest.lock\" > /dev/null\nif [[ $? != 0 ]] ; then\n    cat << EOM\nerror: The sandbox is not in sync with the Podfile.lock. Run 'pod install' or update your CocoaPods installation.\nEOM\n    exit 1\nfi\n";
			showEnvVarsInLog = 0;
		};
		2A2C5E57C3D94449E9DF619D /* [CP] Copy Pods Resources */ = {
			isa = PBXShellScriptBuildPhase;
			buildActionMask = 2147483647;
			files = (
			);
			inputPaths = (
			);
			name = "[CP] Copy Pods Resources";
			outputPaths = (
			);
			runOnlyForDeploymentPostprocessing = 0;
			shellPath = /bin/sh;
			shellScript = "\"${SRCROOT}/Pods/Target Support Files/Pods-Shhwift-ShhwiftTests/Pods-Shhwift-ShhwiftTests-resources.sh\"\n";
			showEnvVarsInLog = 0;
		};
		2EE3A97CFCACC9E94E1C1548 /* [CP] Copy Pods Resources */ = {
			isa = PBXShellScriptBuildPhase;
			buildActionMask = 2147483647;
			files = (
			);
			inputPaths = (
			);
			name = "[CP] Copy Pods Resources";
			outputPaths = (
			);
			runOnlyForDeploymentPostprocessing = 0;
			shellPath = /bin/sh;
			shellScript = "\"${SRCROOT}/Pods/Target Support Files/Pods-Shhwift-ShhwiftDemo/Pods-Shhwift-ShhwiftDemo-resources.sh\"\n";
			showEnvVarsInLog = 0;
		};
		3D8941F9AA3005B47282659E /* [CP] Copy Pods Resources */ = {
			isa = PBXShellScriptBuildPhase;
			buildActionMask = 2147483647;
			files = (
			);
			inputPaths = (
			);
			name = "[CP] Copy Pods Resources";
			outputPaths = (
			);
			runOnlyForDeploymentPostprocessing = 0;
			shellPath = /bin/sh;
			shellScript = "\"${SRCROOT}/Pods/Target Support Files/Pods-Shhwift/Pods-Shhwift-resources.sh\"\n";
			showEnvVarsInLog = 0;
		};
		5CDE2A651CFF0FDF00D01C16 /* Swift Lint */ = {
			isa = PBXShellScriptBuildPhase;
			buildActionMask = 2147483647;
			files = (
			);
			inputPaths = (
			);
			name = "Swift Lint";
			outputPaths = (
			);
			runOnlyForDeploymentPostprocessing = 0;
			shellPath = /bin/sh;
			shellScript = "if which swiftlint >/dev/null; then\nswiftlint\nelse\necho \"warning: SwiftLint not installed, download from https://github.com/realm/SwiftLint\"\nfi";
			showEnvVarsInLog = 0;
		};
		7219ED4AFCA5B04CF197B716 /* [CP] Embed Pods Frameworks */ = {
			isa = PBXShellScriptBuildPhase;
			buildActionMask = 2147483647;
			files = (
			);
			inputPaths = (
			);
			name = "[CP] Embed Pods Frameworks";
			outputPaths = (
			);
			runOnlyForDeploymentPostprocessing = 0;
			shellPath = /bin/sh;
			shellScript = "\"${SRCROOT}/Pods/Target Support Files/Pods-Shhwift-ShhwiftTests/Pods-Shhwift-ShhwiftTests-frameworks.sh\"\n";
			showEnvVarsInLog = 0;
		};
		CE4AE6186E9F9DBF1139D912 /* [CP] Check Pods Manifest.lock */ = {
			isa = PBXShellScriptBuildPhase;
			buildActionMask = 2147483647;
			files = (
			);
			inputPaths = (
			);
			name = "[CP] Check Pods Manifest.lock";
			outputPaths = (
			);
			runOnlyForDeploymentPostprocessing = 0;
			shellPath = /bin/sh;
			shellScript = "diff \"${PODS_ROOT}/../Podfile.lock\" \"${PODS_ROOT}/Manifest.lock\" > /dev/null\nif [[ $? != 0 ]] ; then\n    cat << EOM\nerror: The sandbox is not in sync with the Podfile.lock. Run 'pod install' or update your CocoaPods installation.\nEOM\n    exit 1\nfi\n";
			showEnvVarsInLog = 0;
		};
		E529238763CEE906AE5116B9 /* [CP] Check Pods Manifest.lock */ = {
			isa = PBXShellScriptBuildPhase;
			buildActionMask = 2147483647;
			files = (
			);
			inputPaths = (
			);
			name = "[CP] Check Pods Manifest.lock";
			outputPaths = (
			);
			runOnlyForDeploymentPostprocessing = 0;
			shellPath = /bin/sh;
			shellScript = "diff \"${PODS_ROOT}/../Podfile.lock\" \"${PODS_ROOT}/Manifest.lock\" > /dev/null\nif [[ $? != 0 ]] ; then\n    cat << EOM\nerror: The sandbox is not in sync with the Podfile.lock. Run 'pod install' or update your CocoaPods installation.\nEOM\n    exit 1\nfi\n";
			showEnvVarsInLog = 0;
		};
		E8898CA8EB7A36DFE60FE500 /* [CP] Embed Pods Frameworks */ = {
			isa = PBXShellScriptBuildPhase;
			buildActionMask = 2147483647;
			files = (
			);
			inputPaths = (
			);
			name = "[CP] Embed Pods Frameworks";
			outputPaths = (
			);
			runOnlyForDeploymentPostprocessing = 0;
			shellPath = /bin/sh;
			shellScript = "\"${SRCROOT}/Pods/Target Support Files/Pods-Shhwift-ShhwiftDemo/Pods-Shhwift-ShhwiftDemo-frameworks.sh\"\n";
			showEnvVarsInLog = 0;
		};
/* End PBXShellScriptBuildPhase section */

/* Begin PBXSourcesBuildPhase section */
		5C2F9D521CE4CFB200C3F263 /* Sources */ = {
			isa = PBXSourcesBuildPhase;
			buildActionMask = 2147483647;
			files = (
				5C9076CA1CE4D37B0012AD50 /* Shh.swift in Sources */,
				5CDF7BE51D2D401D00C2B789 /* DataContainer.swift in Sources */,
				5CDF7BF31D2D4EA700C2B789 /* Payload.swift in Sources */,
				5C0E9B6E1D083C8000CA98DC /* Errors.swift in Sources */,
				4DEC994C1D1C594C006F18A5 /* Identity.swift in Sources */,
				5CDE2A641CFF0BFD00D01C16 /* JSON+FailableInit.swift in Sources */,
				5C1C9D091D0B0B43009B4540 /* JsonRpc.swift in Sources */,
				5CDF7BEB1D2D447700C2B789 /* Topic.swift in Sources */,
				5CDF7BF71D2D5B5800C2B789 /* UInt+HexString.swift in Sources */,
			);
			runOnlyForDeploymentPostprocessing = 0;
		};
		5C2F9D5D1CE4CFB200C3F263 /* Sources */ = {
			isa = PBXSourcesBuildPhase;
			buildActionMask = 2147483647;
			files = (
				5CDF7BF11D2D4E1400C2B789 /* PayloadSpec.swift in Sources */,
				5CDF7BE91D2D43DF00C2B789 /* TopicSpec.swift in Sources */,
				4DEC99481D182F96006F18A5 /* JsonRpcSpec.swift in Sources */,
				4DEC994E1D1C59D0006F18A5 /* IdentityExample.swift in Sources */,
				5C7B5EE11CF0E58600F622EE /* HttpMocking.swift in Sources */,
				5C9076C81CE4D32C0012AD50 /* ShhSpec.swift in Sources */,
				5C57F44D1CFF07AB001F3C60 /* NSInputStream+ReadFully.swift in Sources */,
				5CDF7BED1D2D471200C2B789 /* TopicExample.swift in Sources */,
				5CDF7BF81D2D5C1E00C2B789 /* UInt+HexString.swift in Sources */,
				4DEC994A1D1C00AA006F18A5 /* IdentitySpec.swift in Sources */,
				5CDF7BF51D2D4F5500C2B789 /* PayloadExample.swift in Sources */,
				5CDF7BE71D2D417E00C2B789 /* DataContainerSpec.swift in Sources */,
				5C017AE51CFF1DB70081F28F /* JSON+FailableInit.swift in Sources */,
				5CDF7BFA1D2D5CC600C2B789 /* UInt+HexStringSpec.swift in Sources */,
			);
			runOnlyForDeploymentPostprocessing = 0;
		};
		5C7752F61D00857B00C017F8 /* Sources */ = {
			isa = PBXSourcesBuildPhase;
			buildActionMask = 2147483647;
			files = (
				5C7752FF1D00857C00C017F8 /* ViewController.swift in Sources */,
				5C7752FD1D00857C00C017F8 /* AppDelegate.swift in Sources */,
			);
			runOnlyForDeploymentPostprocessing = 0;
		};
/* End PBXSourcesBuildPhase section */

/* Begin PBXTargetDependency section */
		5C2F9D641CE4CFB200C3F263 /* PBXTargetDependency */ = {
			isa = PBXTargetDependency;
			target = 5C2F9D561CE4CFB200C3F263 /* Shhwift */;
			targetProxy = 5C2F9D631CE4CFB200C3F263 /* PBXContainerItemProxy */;
		};
		5C77530D1D00858400C017F8 /* PBXTargetDependency */ = {
			isa = PBXTargetDependency;
			target = 5C2F9D561CE4CFB200C3F263 /* Shhwift */;
			targetProxy = 5C77530C1D00858400C017F8 /* PBXContainerItemProxy */;
		};
/* End PBXTargetDependency section */

/* Begin PBXVariantGroup section */
		5C7753001D00857C00C017F8 /* Main.storyboard */ = {
			isa = PBXVariantGroup;
			children = (
				5C7753011D00857C00C017F8 /* Base */,
			);
			name = Main.storyboard;
			sourceTree = "<group>";
		};
		5C7753051D00857C00C017F8 /* LaunchScreen.storyboard */ = {
			isa = PBXVariantGroup;
			children = (
				5C7753061D00857C00C017F8 /* Base */,
			);
			name = LaunchScreen.storyboard;
			sourceTree = "<group>";
		};
/* End PBXVariantGroup section */

/* Begin XCBuildConfiguration section */
		5C2F9D691CE4CFB200C3F263 /* Debug */ = {
			isa = XCBuildConfiguration;
			buildSettings = {
				ALWAYS_SEARCH_USER_PATHS = NO;
				CLANG_ANALYZER_NONNULL = YES;
				CLANG_CXX_LANGUAGE_STANDARD = "gnu++0x";
				CLANG_CXX_LIBRARY = "libc++";
				CLANG_ENABLE_MODULES = YES;
				CLANG_ENABLE_OBJC_ARC = YES;
				CLANG_WARN_BOOL_CONVERSION = YES;
				CLANG_WARN_CONSTANT_CONVERSION = YES;
				CLANG_WARN_DIRECT_OBJC_ISA_USAGE = YES_ERROR;
				CLANG_WARN_EMPTY_BODY = YES;
				CLANG_WARN_ENUM_CONVERSION = YES;
				CLANG_WARN_INT_CONVERSION = YES;
				CLANG_WARN_OBJC_ROOT_CLASS = YES_ERROR;
				CLANG_WARN_UNREACHABLE_CODE = YES;
				CLANG_WARN__DUPLICATE_METHOD_MATCH = YES;
				"CODE_SIGN_IDENTITY[sdk=iphoneos*]" = "iPhone Developer";
				COPY_PHASE_STRIP = NO;
				CURRENT_PROJECT_VERSION = 1;
				DEBUG_INFORMATION_FORMAT = dwarf;
				ENABLE_STRICT_OBJC_MSGSEND = YES;
				ENABLE_TESTABILITY = YES;
				GCC_C_LANGUAGE_STANDARD = gnu99;
				GCC_DYNAMIC_NO_PIC = NO;
				GCC_NO_COMMON_BLOCKS = YES;
				GCC_OPTIMIZATION_LEVEL = 0;
				GCC_PREPROCESSOR_DEFINITIONS = (
					"DEBUG=1",
					"$(inherited)",
				);
				GCC_WARN_64_TO_32_BIT_CONVERSION = YES;
				GCC_WARN_ABOUT_RETURN_TYPE = YES_ERROR;
				GCC_WARN_UNDECLARED_SELECTOR = YES;
				GCC_WARN_UNINITIALIZED_AUTOS = YES_AGGRESSIVE;
				GCC_WARN_UNUSED_FUNCTION = YES;
				GCC_WARN_UNUSED_VARIABLE = YES;
				IPHONEOS_DEPLOYMENT_TARGET = 9.3;
				MTL_ENABLE_DEBUG_INFO = YES;
				ONLY_ACTIVE_ARCH = YES;
				SDKROOT = iphoneos;
				SWIFT_OPTIMIZATION_LEVEL = "-Onone";
				TARGETED_DEVICE_FAMILY = "1,2";
				VERSIONING_SYSTEM = "apple-generic";
				VERSION_INFO_PREFIX = "";
			};
			name = Debug;
		};
		5C2F9D6A1CE4CFB200C3F263 /* Release */ = {
			isa = XCBuildConfiguration;
			buildSettings = {
				ALWAYS_SEARCH_USER_PATHS = NO;
				CLANG_ANALYZER_NONNULL = YES;
				CLANG_CXX_LANGUAGE_STANDARD = "gnu++0x";
				CLANG_CXX_LIBRARY = "libc++";
				CLANG_ENABLE_MODULES = YES;
				CLANG_ENABLE_OBJC_ARC = YES;
				CLANG_WARN_BOOL_CONVERSION = YES;
				CLANG_WARN_CONSTANT_CONVERSION = YES;
				CLANG_WARN_DIRECT_OBJC_ISA_USAGE = YES_ERROR;
				CLANG_WARN_EMPTY_BODY = YES;
				CLANG_WARN_ENUM_CONVERSION = YES;
				CLANG_WARN_INT_CONVERSION = YES;
				CLANG_WARN_OBJC_ROOT_CLASS = YES_ERROR;
				CLANG_WARN_UNREACHABLE_CODE = YES;
				CLANG_WARN__DUPLICATE_METHOD_MATCH = YES;
				"CODE_SIGN_IDENTITY[sdk=iphoneos*]" = "iPhone Developer";
				COPY_PHASE_STRIP = NO;
				CURRENT_PROJECT_VERSION = 1;
				DEBUG_INFORMATION_FORMAT = "dwarf-with-dsym";
				ENABLE_NS_ASSERTIONS = NO;
				ENABLE_STRICT_OBJC_MSGSEND = YES;
				GCC_C_LANGUAGE_STANDARD = gnu99;
				GCC_NO_COMMON_BLOCKS = YES;
				GCC_WARN_64_TO_32_BIT_CONVERSION = YES;
				GCC_WARN_ABOUT_RETURN_TYPE = YES_ERROR;
				GCC_WARN_UNDECLARED_SELECTOR = YES;
				GCC_WARN_UNINITIALIZED_AUTOS = YES_AGGRESSIVE;
				GCC_WARN_UNUSED_FUNCTION = YES;
				GCC_WARN_UNUSED_VARIABLE = YES;
				IPHONEOS_DEPLOYMENT_TARGET = 9.3;
				MTL_ENABLE_DEBUG_INFO = NO;
				SDKROOT = iphoneos;
				TARGETED_DEVICE_FAMILY = "1,2";
				VALIDATE_PRODUCT = YES;
				VERSIONING_SYSTEM = "apple-generic";
				VERSION_INFO_PREFIX = "";
			};
			name = Release;
		};
		5C2F9D6C1CE4CFB200C3F263 /* Debug */ = {
			isa = XCBuildConfiguration;
			baseConfigurationReference = 2B62318F2F1AF080B250E745 /* Pods-Shhwift.debug.xcconfig */;
			buildSettings = {
				CLANG_ENABLE_MODULES = YES;
				DEFINES_MODULE = YES;
				DYLIB_COMPATIBILITY_VERSION = 1;
				DYLIB_CURRENT_VERSION = 1;
				DYLIB_INSTALL_NAME_BASE = "@rpath";
				INFOPLIST_FILE = Shhwift/Info.plist;
				INSTALL_PATH = "$(LOCAL_LIBRARY_DIR)/Frameworks";
				LD_RUNPATH_SEARCH_PATHS = "$(inherited) @executable_path/Frameworks @loader_path/Frameworks";
				PRODUCT_BUNDLE_IDENTIFIER = org.shhwift.Shhwift;
				PRODUCT_NAME = "$(TARGET_NAME)";
				SKIP_INSTALL = YES;
				SWIFT_OPTIMIZATION_LEVEL = "-Onone";
			};
			name = Debug;
		};
		5C2F9D6D1CE4CFB200C3F263 /* Release */ = {
			isa = XCBuildConfiguration;
			baseConfigurationReference = C4D616F10B642DBBFE9BE573 /* Pods-Shhwift.release.xcconfig */;
			buildSettings = {
				CLANG_ENABLE_MODULES = YES;
				DEFINES_MODULE = YES;
				DYLIB_COMPATIBILITY_VERSION = 1;
				DYLIB_CURRENT_VERSION = 1;
				DYLIB_INSTALL_NAME_BASE = "@rpath";
				INFOPLIST_FILE = Shhwift/Info.plist;
				INSTALL_PATH = "$(LOCAL_LIBRARY_DIR)/Frameworks";
				LD_RUNPATH_SEARCH_PATHS = "$(inherited) @executable_path/Frameworks @loader_path/Frameworks";
				PRODUCT_BUNDLE_IDENTIFIER = org.shhwift.Shhwift;
				PRODUCT_NAME = "$(TARGET_NAME)";
				SKIP_INSTALL = YES;
			};
			name = Release;
		};
		5C2F9D6F1CE4CFB200C3F263 /* Debug */ = {
			isa = XCBuildConfiguration;
			baseConfigurationReference = D46627AD1177AF355B1354D1 /* Pods-Shhwift-ShhwiftTests.debug.xcconfig */;
			buildSettings = {
				CLANG_ENABLE_MODULES = YES;
				INFOPLIST_FILE = ShhwiftTests/Info.plist;
				LD_RUNPATH_SEARCH_PATHS = "$(inherited) @executable_path/Frameworks @loader_path/Frameworks";
				PRODUCT_BUNDLE_IDENTIFIER = org.shhwift.ShhwiftTests;
				PRODUCT_NAME = "$(TARGET_NAME)";
				SWIFT_OBJC_BRIDGING_HEADER = "ShhwiftTests/ShhwiftTests-Bridging-Header.h";
				SWIFT_OPTIMIZATION_LEVEL = "-Onone";
			};
			name = Debug;
		};
		5C2F9D701CE4CFB200C3F263 /* Release */ = {
			isa = XCBuildConfiguration;
			baseConfigurationReference = BB38F8CB8DDF4846332821FC /* Pods-Shhwift-ShhwiftTests.release.xcconfig */;
			buildSettings = {
				CLANG_ENABLE_MODULES = YES;
				INFOPLIST_FILE = ShhwiftTests/Info.plist;
				LD_RUNPATH_SEARCH_PATHS = "$(inherited) @executable_path/Frameworks @loader_path/Frameworks";
				PRODUCT_BUNDLE_IDENTIFIER = org.shhwift.ShhwiftTests;
				PRODUCT_NAME = "$(TARGET_NAME)";
				SWIFT_OBJC_BRIDGING_HEADER = "ShhwiftTests/ShhwiftTests-Bridging-Header.h";
			};
			name = Release;
		};
		5C7753091D00857C00C017F8 /* Debug */ = {
			isa = XCBuildConfiguration;
			baseConfigurationReference = DAD3B0EA374E1564C5151CFA /* Pods-Shhwift-ShhwiftDemo.debug.xcconfig */;
			buildSettings = {
				ASSETCATALOG_COMPILER_APPICON_NAME = AppIcon;
				INFOPLIST_FILE = ShhwiftDemo/Info.plist;
				LD_RUNPATH_SEARCH_PATHS = "$(inherited) @executable_path/Frameworks";
				PRODUCT_BUNDLE_IDENTIFIER = org.shhwift.ShhwiftDemo;
				PRODUCT_NAME = "$(TARGET_NAME)";
			};
			name = Debug;
		};
		5C77530A1D00857C00C017F8 /* Release */ = {
			isa = XCBuildConfiguration;
			baseConfigurationReference = 62111D77A49D119F182C9249 /* Pods-Shhwift-ShhwiftDemo.release.xcconfig */;
			buildSettings = {
				ASSETCATALOG_COMPILER_APPICON_NAME = AppIcon;
				INFOPLIST_FILE = ShhwiftDemo/Info.plist;
				LD_RUNPATH_SEARCH_PATHS = "$(inherited) @executable_path/Frameworks";
				PRODUCT_BUNDLE_IDENTIFIER = org.shhwift.ShhwiftDemo;
				PRODUCT_NAME = "$(TARGET_NAME)";
			};
			name = Release;
		};
/* End XCBuildConfiguration section */

/* Begin XCConfigurationList section */
		5C2F9D511CE4CFB200C3F263 /* Build configuration list for PBXProject "Shhwift" */ = {
			isa = XCConfigurationList;
			buildConfigurations = (
				5C2F9D691CE4CFB200C3F263 /* Debug */,
				5C2F9D6A1CE4CFB200C3F263 /* Release */,
			);
			defaultConfigurationIsVisible = 0;
			defaultConfigurationName = Release;
		};
		5C2F9D6B1CE4CFB200C3F263 /* Build configuration list for PBXNativeTarget "Shhwift" */ = {
			isa = XCConfigurationList;
			buildConfigurations = (
				5C2F9D6C1CE4CFB200C3F263 /* Debug */,
				5C2F9D6D1CE4CFB200C3F263 /* Release */,
			);
			defaultConfigurationIsVisible = 0;
			defaultConfigurationName = Release;
		};
		5C2F9D6E1CE4CFB200C3F263 /* Build configuration list for PBXNativeTarget "ShhwiftTests" */ = {
			isa = XCConfigurationList;
			buildConfigurations = (
				5C2F9D6F1CE4CFB200C3F263 /* Debug */,
				5C2F9D701CE4CFB200C3F263 /* Release */,
			);
			defaultConfigurationIsVisible = 0;
			defaultConfigurationName = Release;
		};
		5C77530B1D00857C00C017F8 /* Build configuration list for PBXNativeTarget "ShhwiftDemo" */ = {
			isa = XCConfigurationList;
			buildConfigurations = (
				5C7753091D00857C00C017F8 /* Debug */,
				5C77530A1D00857C00C017F8 /* Release */,
			);
			defaultConfigurationIsVisible = 0;
			defaultConfigurationName = Release;
		};
/* End XCConfigurationList section */
	};
	rootObject = 5C2F9D4E1CE4CFB200C3F263 /* Project object */;
}
